Microsoft Visual Studio Solution File, Format Version 12.00
# Visual Studio Version 17
VisualStudioVersion = 17.5.2.0
MinimumVisualStudioVersion = 10.0.40219.1
Project("{FAE04EC0-301F-11D3-BF4B-00C04F79EFBC}") = "CIS106MODULE3", "CIS106MODULE3.csproj", "{BED7800E-9C50-ED1B-306A-95E8884E7CD3}"
EndProject
Global
	GlobalSection(SolutionConfigurationPlatforms) = preSolution
		Debug|Any CPU = Debug|Any CPU
		Release|Any CPU = Release|Any CPU
	EndGlobalSection
	GlobalSection(ProjectConfigurationPlatforms) = postSolution
		{BED7800E-9C50-ED1B-306A-95E8884E7CD3}.Debug|Any CPU.ActiveCfg = Debug|Any CPU
		{BED7800E-9C50-ED1B-306A-95E8884E7CD3}.Debug|Any CPU.Build.0 = Debug|Any CPU
		{BED7800E-9C50-ED1B-306A-95E8884E7CD3}.Release|Any CPU.ActiveCfg = Release|Any CPU
		{BED7800E-9C50-ED1B-306A-95E8884E7CD3}.Release|Any CPU.Build.0 = Release|Any CPU
	EndGlobalSection
	GlobalSection(SolutionProperties) = preSolution
		HideSolutionNode = FALSE
	EndGlobalSection
	GlobalSection(ExtensibilityGlobals) = postSolution
		SolutionGuid = {5418DEAD-6446-4E48-8E51-FECF2BA4EDB6}
	EndGlobalSection
EndGlobal
